
Microsoft Visual Studio Solution File, Format Version 12.00
# Visual Studio Version 17
VisualStudioVersion = 17.4.33122.133
MinimumVisualStudioVersion = 10.0.40219.1
Project("{FAE04EC0-301F-11D3-BF4B-00C04F79EFBC}") = "DesignCalculator", "DesignCalculator.csproj", "{35BF2918-5CEF-4A9F-810B-70AD89899874}"
EndProject
Global
	GlobalSection(SolutionConfigurationPlatforms) = preSolution
		Debug|Any CPU = Debug|Any CPU
		Release|Any CPU = Release|Any CPU
	EndGlobalSection
	GlobalSection(ProjectConfigurationPlatforms) = postSolution
		{35BF2918-5CEF-4A9F-810B-70AD89899874}.Debug|Any CPU.ActiveCfg = Debug|Any CPU
		{35BF2918-5CEF-4A9F-810B-70AD89899874}.Debug|Any CPU.Build.0 = Debug|Any CPU
		{35BF2918-5CEF-4A9F-810B-70AD89899874}.Release|Any CPU.ActiveCfg = Release|Any CPU
		{35BF2918-5CEF-4A9F-810B-70AD89899874}.Release|Any CPU.Build.0 = Release|Any CPU
	EndGlobalSection
	GlobalSection(SolutionProperties) = preSolution
		HideSolutionNode = FALSE
	EndGlobalSection
	GlobalSection(ExtensibilityGlobals) = postSolution
		SolutionGuid = {764B6B84-0DD8-45F5-AE55-8E958C417B8C}
	EndGlobalSection
EndGlobal
